
Microsoft Visual Studio Solution File, Format Version 12.00
# Visual Studio Version 17
VisualStudioVersion = 17.14.36202.13
MinimumVisualStudioVersion = 10.0.40219.1
Project("{FAE04EC0-301F-11D3-BF4B-00C04F79EFBC}") = "App.Repositories", "Repositories\App.Repositories.csproj", "{4F28F3C3-F563-40A8-9F26-10ADCD523678}"
EndProject
Project("{FAE04EC0-301F-11D3-BF4B-00C04F79EFBC}") = "App.Services", "Services\App.Services.csproj", "{EB56A8CD-F38B-464D-B6F9-FB7CFA7794BD}"
EndProject
Project("{FAE04EC0-301F-11D3-BF4B-00C04F79EFBC}") = "App.API", "App.API\App.API.csproj", "{AC07955B-B4B5-4305-9362-9450E0812F73}"
EndProject
Project("{2150E333-8FDC-42A3-9474-1A3956D46DE8}") = "NLayer", "NLayer", "{02EA681E-C7D8-13C7-8484-4AC65E1B71E8}"
EndProject
Project("{2150E333-8FDC-42A3-9474-1A3956D46DE8}") = "CleanArchitecture", "CleanArchitecture", "{089D6799-F062-4404-88B6-880F11B3836B}"
EndProject
Project("{2150E333-8FDC-42A3-9474-1A3956D46DE8}") = "Src", "Src", "{3DC63AEE-BA85-4DCB-8613-72497FE11B30}"
EndProject
Project("{2150E333-8FDC-42A3-9474-1A3956D46DE8}") = "Core", "Core", "{CF4F0D65-9FF8-4EB6-A75D-A44C7B08A97F}"
EndProject
Project("{FAE04EC0-301F-11D3-BF4B-00C04F79EFBC}") = "App.Domain", "App.Domain\App.Domain.csproj", "{284F151A-CD99-4ACE-BC22-8E69E153120F}"
EndProject
Project("{FAE04EC0-301F-11D3-BF4B-00C04F79EFBC}") = "App.Application", "App.Application\App.Application.csproj", "{8CC3B722-A940-4C11-9A85-D7F3A8F22FE6}"
EndProject
Project("{2150E333-8FDC-42A3-9474-1A3956D46DE8}") = "Infrastructure", "Infrastructure", "{BF916006-4AA1-4B77-ABB3-AFE80A11546D}"
EndProject
Project("{FAE04EC0-301F-11D3-BF4B-00C04F79EFBC}") = "App.Persistence", "App.Persistence\App.Persistence.csproj", "{49C0A4AA-4B3B-4E80-8649-33ACAFCF6688}"
EndProject
Project("{2150E333-8FDC-42A3-9474-1A3956D46DE8}") = "API", "API", "{AB9BB33B-74E4-45ED-9A11-792FA14A1A39}"
EndProject
Project("{FAE04EC0-301F-11D3-BF4B-00C04F79EFBC}") = "AppClean.API", "AppClean.API\AppClean.API.csproj", "{7E9C70D6-76CF-460B-B55A-572DB395D86B}"
EndProject
Project("{FAE04EC0-301F-11D3-BF4B-00C04F79EFBC}") = "App.Caching", "App.Caching\App.Caching.csproj", "{E7E6423A-552B-481C-B511-58E5E63083E7}"
EndProject
Project("{FAE04EC0-301F-11D3-BF4B-00C04F79EFBC}") = "App.Bus", "App.Bus\App.Bus.csproj", "{C4404DC0-3F39-4FE9-8B81-690B7E208C37}"
EndProject
Global
	GlobalSection(SolutionConfigurationPlatforms) = preSolution
		Debug|Any CPU = Debug|Any CPU
		Release|Any CPU = Release|Any CPU
	EndGlobalSection
	GlobalSection(ProjectConfigurationPlatforms) = postSolution
		{4F28F3C3-F563-40A8-9F26-10ADCD523678}.Debug|Any CPU.ActiveCfg = Debug|Any CPU
		{4F28F3C3-F563-40A8-9F26-10ADCD523678}.Debug|Any CPU.Build.0 = Debug|Any CPU
		{4F28F3C3-F563-40A8-9F26-10ADCD523678}.Release|Any CPU.ActiveCfg = Release|Any CPU
		{4F28F3C3-F563-40A8-9F26-10ADCD523678}.Release|Any CPU.Build.0 = Release|Any CPU
		{EB56A8CD-F38B-464D-B6F9-FB7CFA7794BD}.Debug|Any CPU.ActiveCfg = Debug|Any CPU
		{EB56A8CD-F38B-464D-B6F9-FB7CFA7794BD}.Debug|Any CPU.Build.0 = Debug|Any CPU
		{EB56A8CD-F38B-464D-B6F9-FB7CFA7794BD}.Release|Any CPU.ActiveCfg = Release|Any CPU
		{EB56A8CD-F38B-464D-B6F9-FB7CFA7794BD}.Release|Any CPU.Build.0 = Release|Any CPU
		{AC07955B-B4B5-4305-9362-9450E0812F73}.Debug|Any CPU.ActiveCfg = Debug|Any CPU
		{AC07955B-B4B5-4305-9362-9450E0812F73}.Debug|Any CPU.Build.0 = Debug|Any CPU
		{AC07955B-B4B5-4305-9362-9450E0812F73}.Release|Any CPU.ActiveCfg = Release|Any CPU
		{AC07955B-B4B5-4305-9362-9450E0812F73}.Release|Any CPU.Build.0 = Release|Any CPU
		{284F151A-CD99-4ACE-BC22-8E69E153120F}.Debug|Any CPU.ActiveCfg = Debug|Any CPU
		{284F151A-CD99-4ACE-BC22-8E69E153120F}.Debug|Any CPU.Build.0 = Debug|Any CPU
		{284F151A-CD99-4ACE-BC22-8E69E153120F}.Release|Any CPU.ActiveCfg = Release|Any CPU
		{284F151A-CD99-4ACE-BC22-8E69E153120F}.Release|Any CPU.Build.0 = Release|Any CPU
		{8CC3B722-A940-4C11-9A85-D7F3A8F22FE6}.Debug|Any CPU.ActiveCfg = Debug|Any CPU
		{8CC3B722-A940-4C11-9A85-D7F3A8F22FE6}.Debug|Any CPU.Build.0 = Debug|Any CPU
		{8CC3B722-A940-4C11-9A85-D7F3A8F22FE6}.Release|Any CPU.ActiveCfg = Release|Any CPU
		{8CC3B722-A940-4C11-9A85-D7F3A8F22FE6}.Release|Any CPU.Build.0 = Release|Any CPU
		{49C0A4AA-4B3B-4E80-8649-33ACAFCF6688}.Debug|Any CPU.ActiveCfg = Debug|Any CPU
		{49C0A4AA-4B3B-4E80-8649-33ACAFCF6688}.Debug|Any CPU.Build.0 = Debug|Any CPU
		{49C0A4AA-4B3B-4E80-8649-33ACAFCF6688}.Release|Any CPU.ActiveCfg = Release|Any CPU
		{49C0A4AA-4B3B-4E80-8649-33ACAFCF6688}.Release|Any CPU.Build.0 = Release|Any CPU
		{7E9C70D6-76CF-460B-B55A-572DB395D86B}.Debug|Any CPU.ActiveCfg = Debug|Any CPU
		{7E9C70D6-76CF-460B-B55A-572DB395D86B}.Debug|Any CPU.Build.0 = Debug|Any CPU
		{7E9C70D6-76CF-460B-B55A-572DB395D86B}.Release|Any CPU.ActiveCfg = Release|Any CPU
		{7E9C70D6-76CF-460B-B55A-572DB395D86B}.Release|Any CPU.Build.0 = Release|Any CPU
		{E7E6423A-552B-481C-B511-58E5E63083E7}.Debug|Any CPU.ActiveCfg = Debug|Any CPU
		{E7E6423A-552B-481C-B511-58E5E63083E7}.Debug|Any CPU.Build.0 = Debug|Any CPU
		{E7E6423A-552B-481C-B511-58E5E63083E7}.Release|Any CPU.ActiveCfg = Release|Any CPU
		{E7E6423A-552B-481C-B511-58E5E63083E7}.Release|Any CPU.Build.0 = Release|Any CPU
		{C4404DC0-3F39-4FE9-8B81-690B7E208C37}.Debug|Any CPU.ActiveCfg = Debug|Any CPU
		{C4404DC0-3F39-4FE9-8B81-690B7E208C37}.Debug|Any CPU.Build.0 = Debug|Any CPU
		{C4404DC0-3F39-4FE9-8B81-690B7E208C37}.Release|Any CPU.ActiveCfg = Release|Any CPU
		{C4404DC0-3F39-4FE9-8B81-690B7E208C37}.Release|Any CPU.Build.0 = Release|Any CPU
	EndGlobalSection
	GlobalSection(SolutionProperties) = preSolution
		HideSolutionNode = FALSE
	EndGlobalSection
	GlobalSection(NestedProjects) = preSolution
		{4F28F3C3-F563-40A8-9F26-10ADCD523678} = {02EA681E-C7D8-13C7-8484-4AC65E1B71E8}
		{EB56A8CD-F38B-464D-B6F9-FB7CFA7794BD} = {02EA681E-C7D8-13C7-8484-4AC65E1B71E8}
		{AC07955B-B4B5-4305-9362-9450E0812F73} = {02EA681E-C7D8-13C7-8484-4AC65E1B71E8}
		{3DC63AEE-BA85-4DCB-8613-72497FE11B30} = {089D6799-F062-4404-88B6-880F11B3836B}
		{CF4F0D65-9FF8-4EB6-A75D-A44C7B08A97F} = {3DC63AEE-BA85-4DCB-8613-72497FE11B30}
		{284F151A-CD99-4ACE-BC22-8E69E153120F} = {CF4F0D65-9FF8-4EB6-A75D-A44C7B08A97F}
		{8CC3B722-A940-4C11-9A85-D7F3A8F22FE6} = {CF4F0D65-9FF8-4EB6-A75D-A44C7B08A97F}
		{BF916006-4AA1-4B77-ABB3-AFE80A11546D} = {3DC63AEE-BA85-4DCB-8613-72497FE11B30}
		{49C0A4AA-4B3B-4E80-8649-33ACAFCF6688} = {BF916006-4AA1-4B77-ABB3-AFE80A11546D}
		{AB9BB33B-74E4-45ED-9A11-792FA14A1A39} = {3DC63AEE-BA85-4DCB-8613-72497FE11B30}
		{7E9C70D6-76CF-460B-B55A-572DB395D86B} = {AB9BB33B-74E4-45ED-9A11-792FA14A1A39}
		{E7E6423A-552B-481C-B511-58E5E63083E7} = {BF916006-4AA1-4B77-ABB3-AFE80A11546D}
		{C4404DC0-3F39-4FE9-8B81-690B7E208C37} = {BF916006-4AA1-4B77-ABB3-AFE80A11546D}
	EndGlobalSection
	GlobalSection(ExtensibilityGlobals) = postSolution
		SolutionGuid = {C24CA1A8-07CC-472E-A376-86C775330ADE}
	EndGlobalSection
EndGlobal
